{
  "pins" : [
    {
      "identity" : "nuke",
      "kind" : "remoteSourceControl",
      "location" : "https://github.com/kean/Nuke.git",
      "state" : {
        "revision" : "6241e100294a2aa70d1811641585ab7da780bd0f",
        "version" : "12.0.0"
      }
    },
    {
      "identity" : "swiftui-support",
      "kind" : "remoteSourceControl",
      "location" : "https://github.com/FluidGroup/swiftui-support.git",
      "state" : {
        "revision" : "16ee1ed32465765f6eb293cb45862618e44321f0",
        "version" : "0.2.3"
      }
    }
  ],
  "version" : 2
}
