{
  "originHash" : "567721cbdf3e62dc2864459831f7dfc0145139189da27988bda409f3c1104ba1",
  "pins" : [
    {
      "identity" : "nuke",
      "kind" : "remoteSourceControl",
      "location" : "https://github.com/kean/Nuke.git",
      "state" : {
        "revision" : "30f7a7e72e0607d304fbf69c799474bd5fb6d1ce",
        "version" : "13.2.0"
      }
    },
    {
      "identity" : "swiftui-support",
      "kind" : "remoteSourceControl",
      "location" : "https://github.com/FluidGroup/swiftui-support.git",
      "state" : {
        "revision" : "10b463fc241552c4c6668700c37d4112ae926fe5",
        "version" : "0.12.0"
      }
    }
  ],
  "version" : 3
}
