// !$*UTF8*$!
{
	archiveVersion = 1;
	classes = {
	};
	objectVersion = 56;
	objects = {

/* Begin PBXBuildFile section */
		4B57105B28D0AC7F00AA053C /* ContentView.swift in Sources */ = {isa = PBXBuildFile; fileRef = 4B57105A28D0AC7F00AA053C /* ContentView.swift */; };
		4B57105D28D0AC8000AA053C /* Assets.xcassets in Resources */ = {isa = PBXBuildFile; fileRef = 4B57105C28D0AC8000AA053C /* Assets.xcassets */; };
		4B57106128D0AC8000AA053C /* Preview Assets.xcassets in Resources */ = {isa = PBXBuildFile; fileRef = 4B57106028D0AC8000AA053C /* Preview Assets.xcassets */; };
		4B57106A28D0ACA300AA053C /* AsyncMultiplexImage in Frameworks */ = {isa = PBXBuildFile; productRef = 4B57106928D0ACA300AA053C /* AsyncMultiplexImage */; };
		4B57106C28D0ACA800AA053C /* AsyncMultiplexImage-Nuke in Frameworks */ = {isa = PBXBuildFile; productRef = 4B57106B28D0ACA800AA053C /* AsyncMultiplexImage-Nuke */; };
		4B5AC66A2BB96A8D00641C3B /* SwiftUIHosting in Frameworks */ = {isa = PBXBuildFile; productRef = 4B5AC6692BB96A8D00641C3B /* SwiftUIHosting */; };
		4B5AC66D2BB96AAB00641C3B /* MondrianLayout in Frameworks */ = {isa = PBXBuildFile; productRef = 4B5AC66C2BB96AAB00641C3B /* MondrianLayout */; };
		4B7E24F9296184E300E53388 /* AppDelegate.swift in Sources */ = {isa = PBXBuildFile; fileRef = 4B7E24F8296184E300E53388 /* AppDelegate.swift */; };
/* End PBXBuildFile section */

/* Begin PBXFileReference section */
		4B57105528D0AC7F00AA053C /* AsyncMultiplexImage-Demo.app */ = {isa = PBXFileReference; explicitFileType = wrapper.application; includeInIndex = 0; path = "AsyncMultiplexImage-Demo.app"; sourceTree = BUILT_PRODUCTS_DIR; };
		4B57105A28D0AC7F00AA053C /* ContentView.swift */ = {isa = PBXFileReference; lastKnownFileType = sourcecode.swift; path = ContentView.swift; sourceTree = "<group>"; };
		4B57105C28D0AC8000AA053C /* Assets.xcassets */ = {isa = PBXFileReference; lastKnownFileType = folder.assetcatalog; path = Assets.xcassets; sourceTree = "<group>"; };
		4B57105E28D0AC8000AA053C /* AsyncMultiplexImage_Demo.entitlements */ = {isa = PBXFileReference; lastKnownFileType = text.plist.entitlements; path = AsyncMultiplexImage_Demo.entitlements; sourceTree = "<group>"; };
		4B57106028D0AC8000AA053C /* Preview Assets.xcassets */ = {isa = PBXFileReference; lastKnownFileType = folder.assetcatalog; path = "Preview Assets.xcassets"; sourceTree = "<group>"; };
		4B57106728D0AC8C00AA053C /* swiftui-AsyncMultiplexImage */ = {isa = PBXFileReference; lastKnownFileType = wrapper; name = "swiftui-AsyncMultiplexImage"; path = ..; sourceTree = "<group>"; };
		4B7E24F8296184E300E53388 /* AppDelegate.swift */ = {isa = PBXFileReference; lastKnownFileType = sourcecode.swift; path = AppDelegate.swift; sourceTree = "<group>"; };
/* End PBXFileReference section */

/* Begin PBXFrameworksBuildPhase section */
		4B57105228D0AC7F00AA053C /* Frameworks */ = {
			isa = PBXFrameworksBuildPhase;
			buildActionMask = 2147483647;
			files = (
				4B5AC66D2BB96AAB00641C3B /* MondrianLayout in Frameworks */,
				4B5AC66A2BB96A8D00641C3B /* SwiftUIHosting in Frameworks */,
				4B57106A28D0ACA300AA053C /* AsyncMultiplexImage in Frameworks */,
				4B57106C28D0ACA800AA053C /* AsyncMultiplexImage-Nuke in Frameworks */,
			);
			runOnlyForDeploymentPostprocessing = 0;
		};
/* End PBXFrameworksBuildPhase section */

/* Begin PBXGroup section */
		4B57104C28D0AC7F00AA053C = {
			isa = PBXGroup;
			children = (
				4B57106728D0AC8C00AA053C /* swiftui-AsyncMultiplexImage */,
				4B57105728D0AC7F00AA053C /* AsyncMultiplexImage-Demo */,
				4B57105628D0AC7F00AA053C /* Products */,
				4B57106828D0ACA300AA053C /* Frameworks */,
			);
			sourceTree = "<group>";
		};
		4B57105628D0AC7F00AA053C /* Products */ = {
			isa = PBXGroup;
			children = (
				4B57105528D0AC7F00AA053C /* AsyncMultiplexImage-Demo.app */,
			);
			name = Products;
			sourceTree = "<group>";
		};
		4B57105728D0AC7F00AA053C /* AsyncMultiplexImage-Demo */ = {
			isa = PBXGroup;
			children = (
				4B57105A28D0AC7F00AA053C /* ContentView.swift */,
				4B57105C28D0AC8000AA053C /* Assets.xcassets */,
				4B57105E28D0AC8000AA053C /* AsyncMultiplexImage_Demo.entitlements */,
				4B57105F28D0AC8000AA053C /* Preview Content */,
				4B7E24F8296184E300E53388 /* AppDelegate.swift */,
			);
			path = "AsyncMultiplexImage-Demo";
			sourceTree = "<group>";
		};
		4B57105F28D0AC8000AA053C /* Preview Content */ = {
			isa = PBXGroup;
			children = (
				4B57106028D0AC8000AA053C /* Preview Assets.xcassets */,
			);
			path = "Preview Content";
			sourceTree = "<group>";
		};
		4B57106828D0ACA300AA053C /* Frameworks */ = {
			isa = PBXGroup;
			children = (
			);
			name = Frameworks;
			sourceTree = "<group>";
		};
/* End PBXGroup section */

/* Begin PBXNativeTarget section */
		4B57105428D0AC7F00AA053C /* AsyncMultiplexImage-Demo */ = {
			isa = PBXNativeTarget;
			buildConfigurationList = 4B57106428D0AC8000AA053C /* Build configuration list for PBXNativeTarget "AsyncMultiplexImage-Demo" */;
			buildPhases = (
				4B57105128D0AC7F00AA053C /* Sources */,
				4B57105228D0AC7F00AA053C /* Frameworks */,
				4B57105328D0AC7F00AA053C /* Resources */,
			);
			buildRules = (
			);
			dependencies = (
			);
			name = "AsyncMultiplexImage-Demo";
			packageProductDependencies = (
				4B57106928D0ACA300AA053C /* AsyncMultiplexImage */,
				4B57106B28D0ACA800AA053C /* AsyncMultiplexImage-Nuke */,
				4B5AC6692BB96A8D00641C3B /* SwiftUIHosting */,
				4B5AC66C2BB96AAB00641C3B /* MondrianLayout */,
			);
			productName = "AsyncMultiplexImage-Demo";
			productReference = 4B57105528D0AC7F00AA053C /* AsyncMultiplexImage-Demo.app */;
			productType = "com.apple.product-type.application";
		};
/* End PBXNativeTarget section */

/* Begin PBXProject section */
		4B57104D28D0AC7F00AA053C /* Project object */ = {
			isa = PBXProject;
			attributes = {
				BuildIndependentTargetsInParallel = 1;
				LastSwiftUpdateCheck = 1420;
				LastUpgradeCheck = 1400;
				TargetAttributes = {
					4B57105428D0AC7F00AA053C = {
						CreatedOnToolsVersion = 14.0;
					};
				};
			};
			buildConfigurationList = 4B57105028D0AC7F00AA053C /* Build configuration list for PBXProject "AsyncMultiplexImage-Demo" */;
			compatibilityVersion = "Xcode 14.0";
			developmentRegion = en;
			hasScannedForEncodings = 0;
			knownRegions = (
				en,
				Base,
			);
			mainGroup = 4B57104C28D0AC7F00AA053C;
			packageReferences = (
				4B5AC6682BB96A8D00641C3B /* XCRemoteSwiftPackageReference "swiftui-hosting" */,
				4B5AC66B2BB96AAB00641C3B /* XCRemoteSwiftPackageReference "MondrianLayout" */,
			);
			productRefGroup = 4B57105628D0AC7F00AA053C /* Products */;
			projectDirPath = "";
			projectRoot = "";
			targets = (
				4B57105428D0AC7F00AA053C /* AsyncMultiplexImage-Demo */,
			);
		};
/* End PBXProject section */

/* Begin PBXResourcesBuildPhase section */
		4B57105328D0AC7F00AA053C /* Resources */ = {
			isa = PBXResourcesBuildPhase;
			buildActionMask = 2147483647;
			files = (
				4B57106128D0AC8000AA053C /* Preview Assets.xcassets in Resources */,
				4B57105D28D0AC8000AA053C /* Assets.xcassets in Resources */,
			);
			runOnlyForDeploymentPostprocessing = 0;
		};
/* End PBXResourcesBuildPhase section */

/* Begin PBXSourcesBuildPhase section */
		4B57105128D0AC7F00AA053C /* Sources */ = {
			isa = PBXSourcesBuildPhase;
			buildActionMask = 2147483647;
			files = (
				4B7E24F9296184E300E53388 /* AppDelegate.swift in Sources */,
				4B57105B28D0AC7F00AA053C /* ContentView.swift in Sources */,
			);
			runOnlyForDeploymentPostprocessing = 0;
		};
/* End PBXSourcesBuildPhase section */

/* Begin XCBuildConfiguration section */
		4B57106228D0AC8000AA053C /* Debug */ = {
			isa = XCBuildConfiguration;
			buildSettings = {
				ALWAYS_SEARCH_USER_PATHS = NO;
				CLANG_ANALYZER_NONNULL = YES;
				CLANG_ANALYZER_NUMBER_OBJECT_CONVERSION = YES_AGGRESSIVE;
				CLANG_CXX_LANGUAGE_STANDARD = "gnu++20";
				CLANG_ENABLE_MODULES = YES;
				CLANG_ENABLE_OBJC_ARC = YES;
				CLANG_ENABLE_OBJC_WEAK = YES;
				CLANG_WARN_BLOCK_CAPTURE_AUTORELEASING = YES;
				CLANG_WARN_BOOL_CONVERSION = YES;
				CLANG_WARN_COMMA = YES;
				CLANG_WARN_CONSTANT_CONVERSION = YES;
				CLANG_WARN_DEPRECATED_OBJC_IMPLEMENTATIONS = YES;
				CLANG_WARN_DIRECT_OBJC_ISA_USAGE = YES_ERROR;
				CLANG_WARN_DOCUMENTATION_COMMENTS = YES;
				CLANG_WARN_EMPTY_BODY = YES;
				CLANG_WARN_ENUM_CONVERSION = YES;
				CLANG_WARN_INFINITE_RECURSION = YES;
				CLANG_WARN_INT_CONVERSION = YES;
				CLANG_WARN_NON_LITERAL_NULL_CONVERSION = YES;
				CLANG_WARN_OBJC_IMPLICIT_RETAIN_SELF = YES;
				CLANG_WARN_OBJC_LITERAL_CONVERSION = YES;
				CLANG_WARN_OBJC_ROOT_CLASS = YES_ERROR;
				CLANG_WARN_QUOTED_INCLUDE_IN_FRAMEWORK_HEADER = YES;
				CLANG_WARN_RANGE_LOOP_ANALYSIS = YES;
				CLANG_WARN_STRICT_PROTOTYPES = YES;
				CLANG_WARN_SUSPICIOUS_MOVE = YES;
				CLANG_WARN_UNGUARDED_AVAILABILITY = YES_AGGRESSIVE;
				CLANG_WARN_UNREACHABLE_CODE = YES;
				CLANG_WARN__DUPLICATE_METHOD_MATCH = YES;
				COPY_PHASE_STRIP = NO;
				DEBUG_INFORMATION_FORMAT = dwarf;
				ENABLE_STRICT_OBJC_MSGSEND = YES;
				ENABLE_TESTABILITY = YES;
				GCC_C_LANGUAGE_STANDARD = gnu11;
				GCC_DYNAMIC_NO_PIC = NO;
				GCC_NO_COMMON_BLOCKS = YES;
				GCC_OPTIMIZATION_LEVEL = 0;
				GCC_PREPROCESSOR_DEFINITIONS = (
					"DEBUG=1",
					"$(inherited)",
				);
				GCC_WARN_64_TO_32_BIT_CONVERSION = YES;
				GCC_WARN_ABOUT_RETURN_TYPE = YES_ERROR;
				GCC_WARN_UNDECLARED_SELECTOR = YES;
				GCC_WARN_UNINITIALIZED_AUTOS = YES_AGGRESSIVE;
				GCC_WARN_UNUSED_FUNCTION = YES;
				GCC_WARN_UNUSED_VARIABLE = YES;
				IPHONEOS_DEPLOYMENT_TARGET = 14.0;
				MTL_ENABLE_DEBUG_INFO = INCLUDE_SOURCE;
				MTL_FAST_MATH = YES;
				ONLY_ACTIVE_ARCH = YES;
				SWIFT_ACTIVE_COMPILATION_CONDITIONS = DEBUG;
				SWIFT_OPTIMIZATION_LEVEL = "-Onone";
			};
			name = Debug;
		};
		4B57106328D0AC8000AA053C /* Release */ = {
			isa = XCBuildConfiguration;
			buildSettings = {
				ALWAYS_SEARCH_USER_PATHS = NO;
				CLANG_ANALYZER_NONNULL = YES;
				CLANG_ANALYZER_NUMBER_OBJECT_CONVERSION = YES_AGGRESSIVE;
				CLANG_CXX_LANGUAGE_STANDARD = "gnu++20";
				CLANG_ENABLE_MODULES = YES;
				CLANG_ENABLE_OBJC_ARC = YES;
				CLANG_ENABLE_OBJC_WEAK = YES;
				CLANG_WARN_BLOCK_CAPTURE_AUTORELEASING = YES;
				CLANG_WARN_BOOL_CONVERSION = YES;
				CLANG_WARN_COMMA = YES;
				CLANG_WARN_CONSTANT_CONVERSION = YES;
				CLANG_WARN_DEPRECATED_OBJC_IMPLEMENTATIONS = YES;
				CLANG_WARN_DIRECT_OBJC_ISA_USAGE = YES_ERROR;
				CLANG_WARN_DOCUMENTATION_COMMENTS = YES;
				CLANG_WARN_EMPTY_BODY = YES;
				CLANG_WARN_ENUM_CONVERSION = YES;
				CLANG_WARN_INFINITE_RECURSION = YES;
				CLANG_WARN_INT_CONVERSION = YES;
				CLANG_WARN_NON_LITERAL_NULL_CONVERSION = YES;
				CLANG_WARN_OBJC_IMPLICIT_RETAIN_SELF = YES;
				CLANG_WARN_OBJC_LITERAL_CONVERSION = YES;
				CLANG_WARN_OBJC_ROOT_CLASS = YES_ERROR;
				CLANG_WARN_QUOTED_INCLUDE_IN_FRAMEWORK_HEADER = YES;
				CLANG_WARN_RANGE_LOOP_ANALYSIS = YES;
				CLANG_WARN_STRICT_PROTOTYPES = YES;
				CLANG_WARN_SUSPICIOUS_MOVE = YES;
				CLANG_WARN_UNGUARDED_AVAILABILITY = YES_AGGRESSIVE;
				CLANG_WARN_UNREACHABLE_CODE = YES;
				CLANG_WARN__DUPLICATE_METHOD_MATCH = YES;
				COPY_PHASE_STRIP = NO;
				DEBUG_INFORMATION_FORMAT = "dwarf-with-dsym";
				ENABLE_NS_ASSERTIONS = NO;
				ENABLE_STRICT_OBJC_MSGSEND = YES;
				GCC_C_LANGUAGE_STANDARD = gnu11;
				GCC_NO_COMMON_BLOCKS = YES;
				GCC_WARN_64_TO_32_BIT_CONVERSION = YES;
				GCC_WARN_ABOUT_RETURN_TYPE = YES_ERROR;
				GCC_WARN_UNDECLARED_SELECTOR = YES;
				GCC_WARN_UNINITIALIZED_AUTOS = YES_AGGRESSIVE;
				GCC_WARN_UNUSED_FUNCTION = YES;
				GCC_WARN_UNUSED_VARIABLE = YES;
				IPHONEOS_DEPLOYMENT_TARGET = 14.0;
				MTL_ENABLE_DEBUG_INFO = NO;
				MTL_FAST_MATH = YES;
				SWIFT_COMPILATION_MODE = wholemodule;
				SWIFT_OPTIMIZATION_LEVEL = "-O";
			};
			name = Release;
		};
		4B57106528D0AC8000AA053C /* Debug */ = {
			isa = XCBuildConfiguration;
			buildSettings = {
				ASSETCATALOG_COMPILER_APPICON_NAME = AppIcon;
				ASSETCATALOG_COMPILER_GLOBAL_ACCENT_COLOR_NAME = AccentColor;
				CODE_SIGN_ENTITLEMENTS = "AsyncMultiplexImage-Demo/AsyncMultiplexImage_Demo.entitlements";
				CODE_SIGN_STYLE = Automatic;
				CURRENT_PROJECT_VERSION = 1;
				DEVELOPMENT_ASSET_PATHS = "\"AsyncMultiplexImage-Demo/Preview Content\"";
				ENABLE_PREVIEWS = YES;
				GENERATE_INFOPLIST_FILE = YES;
				"INFOPLIST_KEY_UIApplicationSupportsIndirectInputEvents[sdk=iphoneos*]" = YES;
				"INFOPLIST_KEY_UIApplicationSupportsIndirectInputEvents[sdk=iphonesimulator*]" = YES;
				"INFOPLIST_KEY_UILaunchScreen_Generation[sdk=iphoneos*]" = YES;
				"INFOPLIST_KEY_UILaunchScreen_Generation[sdk=iphonesimulator*]" = YES;
				"INFOPLIST_KEY_UIStatusBarStyle[sdk=iphoneos*]" = UIStatusBarStyleDefault;
				"INFOPLIST_KEY_UIStatusBarStyle[sdk=iphonesimulator*]" = UIStatusBarStyleDefault;
				INFOPLIST_KEY_UISupportedInterfaceOrientations = UIInterfaceOrientationPortrait;
				IPHONEOS_DEPLOYMENT_TARGET = 14.0;
				LD_RUNPATH_SEARCH_PATHS = "@executable_path/Frameworks";
				"LD_RUNPATH_SEARCH_PATHS[sdk=macosx*]" = "@executable_path/../Frameworks";
				MACOSX_DEPLOYMENT_TARGET = 12.3;
				MARKETING_VERSION = 1.0;
				PRODUCT_BUNDLE_IDENTIFIER = "app.muukii.AsyncMultiplexImage-Demo";
				PRODUCT_NAME = "$(TARGET_NAME)";
				SDKROOT = auto;
				SUPPORTED_PLATFORMS = "iphoneos iphonesimulator";
				SUPPORTS_MACCATALYST = NO;
				SUPPORTS_MAC_DESIGNED_FOR_IPHONE_IPAD = NO;
				SWIFT_EMIT_LOC_STRINGS = YES;
				SWIFT_VERSION = 5.0;
				TARGETED_DEVICE_FAMILY = 1;
			};
			name = Debug;
		};
		4B57106628D0AC8000AA053C /* Release */ = {
			isa = XCBuildConfiguration;
			buildSettings = {
				ASSETCATALOG_COMPILER_APPICON_NAME = AppIcon;
				ASSETCATALOG_COMPILER_GLOBAL_ACCENT_COLOR_NAME = AccentColor;
				CODE_SIGN_ENTITLEMENTS = "AsyncMultiplexImage-Demo/AsyncMultiplexImage_Demo.entitlements";
				CODE_SIGN_STYLE = Automatic;
				CURRENT_PROJECT_VERSION = 1;
				DEVELOPMENT_ASSET_PATHS = "\"AsyncMultiplexImage-Demo/Preview Content\"";
				ENABLE_PREVIEWS = YES;
				GENERATE_INFOPLIST_FILE = YES;
				"INFOPLIST_KEY_UIApplicationSupportsIndirectInputEvents[sdk=iphoneos*]" = YES;
				"INFOPLIST_KEY_UIApplicationSupportsIndirectInputEvents[sdk=iphonesimulator*]" = YES;
				"INFOPLIST_KEY_UILaunchScreen_Generation[sdk=iphoneos*]" = YES;
				"INFOPLIST_KEY_UILaunchScreen_Generation[sdk=iphonesimulator*]" = YES;
				"INFOPLIST_KEY_UIStatusBarStyle[sdk=iphoneos*]" = UIStatusBarStyleDefault;
				"INFOPLIST_KEY_UIStatusBarStyle[sdk=iphonesimulator*]" = UIStatusBarStyleDefault;
				INFOPLIST_KEY_UISupportedInterfaceOrientations = UIInterfaceOrientationPortrait;
				IPHONEOS_DEPLOYMENT_TARGET = 14.0;
				LD_RUNPATH_SEARCH_PATHS = "@executable_path/Frameworks";
				"LD_RUNPATH_SEARCH_PATHS[sdk=macosx*]" = "@executable_path/../Frameworks";
				MACOSX_DEPLOYMENT_TARGET = 12.3;
				MARKETING_VERSION = 1.0;
				PRODUCT_BUNDLE_IDENTIFIER = "app.muukii.AsyncMultiplexImage-Demo";
				PRODUCT_NAME = "$(TARGET_NAME)";
				SDKROOT = auto;
				SUPPORTED_PLATFORMS = "iphoneos iphonesimulator";
				SUPPORTS_MACCATALYST = NO;
				SUPPORTS_MAC_DESIGNED_FOR_IPHONE_IPAD = NO;
				SWIFT_EMIT_LOC_STRINGS = YES;
				SWIFT_VERSION = 5.0;
				TARGETED_DEVICE_FAMILY = 1;
			};
			name = Release;
		};
/* End XCBuildConfiguration section */

/* Begin XCConfigurationList section */
		4B57105028D0AC7F00AA053C /* Build configuration list for PBXProject "AsyncMultiplexImage-Demo" */ = {
			isa = XCConfigurationList;
			buildConfigurations = (
				4B57106228D0AC8000AA053C /* Debug */,
				4B57106328D0AC8000AA053C /* Release */,
			);
			defaultConfigurationIsVisible = 0;
			defaultConfigurationName = Release;
		};
		4B57106428D0AC8000AA053C /* Build configuration list for PBXNativeTarget "AsyncMultiplexImage-Demo" */ = {
			isa = XCConfigurationList;
			buildConfigurations = (
				4B57106528D0AC8000AA053C /* Debug */,
				4B57106628D0AC8000AA053C /* Release */,
			);
			defaultConfigurationIsVisible = 0;
			defaultConfigurationName = Release;
		};
/* End XCConfigurationList section */

/* Begin XCRemoteSwiftPackageReference section */
		4B5AC6682BB96A8D00641C3B /* XCRemoteSwiftPackageReference "swiftui-hosting" */ = {
			isa = XCRemoteSwiftPackageReference;
			repositoryURL = "https://github.com/FluidGroup/swiftui-hosting.git";
			requirement = {
				kind = upToNextMajorVersion;
				minimumVersion = 1.2.0;
			};
		};
		4B5AC66B2BB96AAB00641C3B /* XCRemoteSwiftPackageReference "MondrianLayout" */ = {
			isa = XCRemoteSwiftPackageReference;
			repositoryURL = "https://github.com/FluidGroup/MondrianLayout.git";
			requirement = {
				kind = upToNextMajorVersion;
				minimumVersion = 0.10.0;
			};
		};
/* End XCRemoteSwiftPackageReference section */

/* Begin XCSwiftPackageProductDependency section */
		4B57106928D0ACA300AA053C /* AsyncMultiplexImage */ = {
			isa = XCSwiftPackageProductDependency;
			productName = AsyncMultiplexImage;
		};
		4B57106B28D0ACA800AA053C /* AsyncMultiplexImage-Nuke */ = {
			isa = XCSwiftPackageProductDependency;
			productName = "AsyncMultiplexImage-Nuke";
		};
		4B5AC6692BB96A8D00641C3B /* SwiftUIHosting */ = {
			isa = XCSwiftPackageProductDependency;
			package = 4B5AC6682BB96A8D00641C3B /* XCRemoteSwiftPackageReference "swiftui-hosting" */;
			productName = SwiftUIHosting;
		};
		4B5AC66C2BB96AAB00641C3B /* MondrianLayout */ = {
			isa = XCSwiftPackageProductDependency;
			package = 4B5AC66B2BB96AAB00641C3B /* XCRemoteSwiftPackageReference "MondrianLayout" */;
			productName = MondrianLayout;
		};
/* End XCSwiftPackageProductDependency section */
	};
	rootObject = 4B57104D28D0AC7F00AA053C /* Project object */;
}
