{
  "pins" : [
    {
      "identity" : "nuke",
      "kind" : "remoteSourceControl",
      "location" : "https://github.com/kean/Nuke.git",
      "state" : {
        "revision" : "f67266f176af4add9f7a7020486826d82d562473",
        "version" : "12.1.2"
      }
    },
    {
      "identity" : "swiftui-gesture-velocity",
      "kind" : "remoteSourceControl",
      "location" : "https://github.com/FluidGroup/swiftui-gesture-velocity",
      "state" : {
        "revision" : "9c83f8995f9e5efc29db2fca4b9ff058283f1603",
        "version" : "1.0.0"
      }
    },
    {
      "identity" : "swiftui-support",
      "kind" : "remoteSourceControl",
      "location" : "https://github.com/FluidGroup/swiftui-support.git",
      "state" : {
        "branch" : "main",
        "revision" : "5370208035e54339d08aa7ff2551cf554626c409"
      }
    }
  ],
  "version" : 2
}
